
Microsoft Visual Studio Solution File, Format Version 12.00
Project("{FAE04EC0-301F-11D3-BF4B-00C04F79EFBC}") = "LiveSplit.BfBBRehydrated", "LiveSplit.BfBBRehydrated\LiveSplit.BfBBRehydrated.csproj", "{C7F6CD21-D15C-4CAD-9280-93AC74E02279}"
EndProject
Global
	GlobalSection(SolutionConfigurationPlatforms) = preSolution
		Debug|Any CPU = Debug|Any CPU
		Release|Any CPU = Release|Any CPU
	EndGlobalSection
	GlobalSection(ProjectConfigurationPlatforms) = postSolution
		{C7F6CD21-D15C-4CAD-9280-93AC74E02279}.Debug|Any CPU.ActiveCfg = Debug|Any CPU
		{C7F6CD21-D15C-4CAD-9280-93AC74E02279}.Debug|Any CPU.Build.0 = Debug|Any CPU
		{C7F6CD21-D15C-4CAD-9280-93AC74E02279}.Release|Any CPU.ActiveCfg = Release|Any CPU
		{C7F6CD21-D15C-4CAD-9280-93AC74E02279}.Release|Any CPU.Build.0 = Release|Any CPU
	EndGlobalSection
EndGlobal
